{
  "name": "app",
  "version": "1.0.0",
  "lockfileVersion": 3,
  "requires": true,
  "packages": {
    "": {
      "name": "app",
      "version": "1.0.0",
      "license": "ISC",
      "dependencies": {
        "cradova": "^3.5.1"
      }
    },
    "node_modules/cradova": {
      "version": "3.5.1",
      "resolved": "https://registry.npmjs.org/cradova/-/cradova-3.5.1.tgz",
      "integrity": "sha512-Z56dwRpgbkHdz2RAb0duM4gF7iVK2yLSWAyy+NrcqJ4/IQcUrSyIvV1ZWKzn+579viC9SQ/80mu7EDdDtLVdFg==",
      "funding": [
        {
          "type": "patreon",
          "url": "https://www.patreon.com/FridayCandour"
        },
        {
          "type": "ko-fi",
          "url": "https://www.ko-fi.com/fridaycandour"
        }
      ],
      "license": "Apache-2.0",
      "dependencies": {
        "csstype": "^3.1.2"
      }
    },
    "node_modules/csstype": {
      "version": "3.1.3",
      "resolved": "https://registry.npmjs.org/csstype/-/csstype-3.1.3.tgz",
      "integrity": "sha512-M1uQkMl8rQK/szD0LNhtqxIPLpimGm8sOBwU7lLnCpSbTyY3yeU1Vc7l4KT5zT4s/yOxHH5O7tIuuLOCnLADRw==",
      "license": "MIT"
    }
  }
}
